// !$*UTF8*$!
{
	archiveVersion = 1;
	classes = {
	};
	objectVersion = 46;
	objects = {

/* Begin PBXBuildFile section */
		159E2D83164E79660087CA15 /* MapKit.framework in Frameworks */ = {isa = PBXBuildFile; fileRef = 159E2D82164E79660087CA15 /* MapKit.framework */; };
		159E2D95164EB0530087CA15 /* CoreLocation.framework in Frameworks */ = {isa = PBXBuildFile; fileRef = 159E2D94164EB0530087CA15 /* CoreLocation.framework */; };
		159E2DA1164EB5CC0087CA15 /* icon.PNG in Resources */ = {isa = PBXBuildFile; fileRef = 159E2DA0164EB5CC0087CA15 /* icon.PNG */; };
		159E2DA3164EB6090087CA15 /* icon@2x.PNG in Resources */ = {isa = PBXBuildFile; fileRef = 159E2DA2164EB6090087CA15 /* icon@2x.PNG */; };
		15D824B3164FB4B1000B6DE4 /* WQAnotation.m in Sources */ = {isa = PBXBuildFile; fileRef = 15D824B2164FB4B1000B6DE4 /* WQAnotation.m */; };
		3A664B64164FA93F00A9BD39 /* Icon.png in Resources */ = {isa = PBXBuildFile; fileRef = 3A664B63164FA93F00A9BD39 /* Icon.png */; };
		3A664B67164FA94900A9BD39 /* Icon@2x.png in Resources */ = {isa = PBXBuildFile; fileRef = 3A664B66164FA94900A9BD39 /* Icon@2x.png */; };
		3A664B69164FA95900A9BD39 /* ItunesArtwork.png in Resources */ = {isa = PBXBuildFile; fileRef = 3A664B68164FA95900A9BD39 /* ItunesArtwork.png */; };
		3A664B6B164FAA0800A9BD39 /* Default.png in Resources */ = {isa = PBXBuildFile; fileRef = 3A664B6A164FAA0800A9BD39 /* Default.png */; };
		3A664B6D164FAA0E00A9BD39 /* Default@2x.png in Resources */ = {isa = PBXBuildFile; fileRef = 3A664B6C164FAA0E00A9BD39 /* Default@2x.png */; };
		3A664B75164FAFF800A9BD39 /* CodeIcon_0.png in Resources */ = {isa = PBXBuildFile; fileRef = 3A664B6E164FAFF800A9BD39 /* CodeIcon_0.png */; };
		3A664B76164FAFF800A9BD39 /* CodeIcon_1.png in Resources */ = {isa = PBXBuildFile; fileRef = 3A664B6F164FAFF800A9BD39 /* CodeIcon_1.png */; };
		3A664B77164FAFF800A9BD39 /* CodeIcon_2.png in Resources */ = {isa = PBXBuildFile; fileRef = 3A664B70164FAFF800A9BD39 /* CodeIcon_2.png */; };
		3A664B78164FAFF800A9BD39 /* CodeIcon_3.png in Resources */ = {isa = PBXBuildFile; fileRef = 3A664B71164FAFF800A9BD39 /* CodeIcon_3.png */; };
		3A664B79164FAFF800A9BD39 /* CodeIcon_4.png in Resources */ = {isa = PBXBuildFile; fileRef = 3A664B72164FAFF800A9BD39 /* CodeIcon_4.png */; };
		3A664B7A164FAFF800A9BD39 /* CodeIcon_6.png in Resources */ = {isa = PBXBuildFile; fileRef = 3A664B73164FAFF800A9BD39 /* CodeIcon_6.png */; };
		3A664B7B164FAFF800A9BD39 /* CodeIcon_7.png in Resources */ = {isa = PBXBuildFile; fileRef = 3A664B74164FAFF800A9BD39 /* CodeIcon_7.png */; };
		3A664B85164FB19500A9BD39 /* CodeIcon_0_map.png in Resources */ = {isa = PBXBuildFile; fileRef = 3A664B7D164FB19500A9BD39 /* CodeIcon_0_map.png */; };
		3A664B86164FB19500A9BD39 /* CodeIcon_1_map.png in Resources */ = {isa = PBXBuildFile; fileRef = 3A664B7E164FB19500A9BD39 /* CodeIcon_1_map.png */; };
		3A664B87164FB19500A9BD39 /* CodeIcon_2_map.png in Resources */ = {isa = PBXBuildFile; fileRef = 3A664B7F164FB19500A9BD39 /* CodeIcon_2_map.png */; };
		3A664B88164FB19500A9BD39 /* CodeIcon_3_map.png in Resources */ = {isa = PBXBuildFile; fileRef = 3A664B80164FB19500A9BD39 /* CodeIcon_3_map.png */; };
		3A664B89164FB19500A9BD39 /* CodeIcon_4_map.png in Resources */ = {isa = PBXBuildFile; fileRef = 3A664B81164FB19500A9BD39 /* CodeIcon_4_map.png */; };
		3A664B8A164FB19500A9BD39 /* CodeIcon_5_map.png in Resources */ = {isa = PBXBuildFile; fileRef = 3A664B82164FB19500A9BD39 /* CodeIcon_5_map.png */; };
		3A664B8B164FB19500A9BD39 /* CodeIcon_6_map.png in Resources */ = {isa = PBXBuildFile; fileRef = 3A664B83164FB19500A9BD39 /* CodeIcon_6_map.png */; };
		3A664B8C164FB19500A9BD39 /* CodeIcon_7_map.png in Resources */ = {isa = PBXBuildFile; fileRef = 3A664B84164FB19500A9BD39 /* CodeIcon_7_map.png */; };
		3AD6D05C164E5CD000AFECEC /* UIKit.framework in Frameworks */ = {isa = PBXBuildFile; fileRef = 3AD6D05B164E5CD000AFECEC /* UIKit.framework */; };
		3AD6D05E164E5CD000AFECEC /* Foundation.framework in Frameworks */ = {isa = PBXBuildFile; fileRef = 3AD6D05D164E5CD000AFECEC /* Foundation.framework */; };
		3AD6D060164E5CD000AFECEC /* CoreGraphics.framework in Frameworks */ = {isa = PBXBuildFile; fileRef = 3AD6D05F164E5CD000AFECEC /* CoreGraphics.framework */; };
		3AD6D066164E5CD000AFECEC /* InfoPlist.strings in Resources */ = {isa = PBXBuildFile; fileRef = 3AD6D064164E5CD000AFECEC /* InfoPlist.strings */; };
		3AD6D068164E5CD000AFECEC /* main.m in Sources */ = {isa = PBXBuildFile; fileRef = 3AD6D067164E5CD000AFECEC /* main.m */; };
		3AD6D06C164E5CD000AFECEC /* WQAppDelegate.m in Sources */ = {isa = PBXBuildFile; fileRef = 3AD6D06B164E5CD000AFECEC /* WQAppDelegate.m */; };
		3AD6D06E164E5CD000AFECEC /* Default.png in Resources */ = {isa = PBXBuildFile; fileRef = 3AD6D06D164E5CD000AFECEC /* Default.png */; };
		3AD6D070164E5CD000AFECEC /* Default@2x.png in Resources */ = {isa = PBXBuildFile; fileRef = 3AD6D06F164E5CD000AFECEC /* Default@2x.png */; };
		3AD6D072164E5CD000AFECEC /* Default-568h@2x.png in Resources */ = {isa = PBXBuildFile; fileRef = 3AD6D071164E5CD000AFECEC /* Default-568h@2x.png */; };
		3AD6D075164E5CD000AFECEC /* MainStoryboard_iPhone.storyboard in Resources */ = {isa = PBXBuildFile; fileRef = 3AD6D073164E5CD000AFECEC /* MainStoryboard_iPhone.storyboard */; };
		3AD6D078164E5CD000AFECEC /* MainStoryboard_iPad.storyboard in Resources */ = {isa = PBXBuildFile; fileRef = 3AD6D076164E5CD000AFECEC /* MainStoryboard_iPad.storyboard */; };
		3AD6D08E164E5CD100AFECEC /* SenTestingKit.framework in Frameworks */ = {isa = PBXBuildFile; fileRef = 3AD6D08D164E5CD100AFECEC /* SenTestingKit.framework */; };
		3AD6D08F164E5CD100AFECEC /* UIKit.framework in Frameworks */ = {isa = PBXBuildFile; fileRef = 3AD6D05B164E5CD000AFECEC /* UIKit.framework */; };
		3AD6D090164E5CD100AFECEC /* Foundation.framework in Frameworks */ = {isa = PBXBuildFile; fileRef = 3AD6D05D164E5CD000AFECEC /* Foundation.framework */; };
		3AD6D098164E5CD100AFECEC /* InfoPlist.strings in Resources */ = {isa = PBXBuildFile; fileRef = 3AD6D096164E5CD100AFECEC /* InfoPlist.strings */; };
		3AD6D09B164E5CD100AFECEC /* WaterQualityTests.m in Sources */ = {isa = PBXBuildFile; fileRef = 3AD6D09A164E5CD100AFECEC /* WaterQualityTests.m */; };
		3AD6D0BD164E723200AFECEC /* WQMeasurementsFilterViewController.m in Sources */ = {isa = PBXBuildFile; fileRef = 3AD6D0BC164E723200AFECEC /* WQMeasurementsFilterViewController.m */; };
		3AD6D0C1164E728300AFECEC /* WQMeasurementsListViewController.m in Sources */ = {isa = PBXBuildFile; fileRef = 3AD6D0C0164E728300AFECEC /* WQMeasurementsListViewController.m */; };
		3AD6D0C4164E72A200AFECEC /* WQMeasurementsMapViewController.m in Sources */ = {isa = PBXBuildFile; fileRef = 3AD6D0C3164E72A200AFECEC /* WQMeasurementsMapViewController.m */; };
		3AD6D0C9164E739500AFECEC /* WQMeasurementMainViewController.m in Sources */ = {isa = PBXBuildFile; fileRef = 3AD6D0C8164E739500AFECEC /* WQMeasurementMainViewController.m */; };
		3AD6D0CC164E73AC00AFECEC /* WQMeasurementDetailsViewController.m in Sources */ = {isa = PBXBuildFile; fileRef = 3AD6D0CB164E73AC00AFECEC /* WQMeasurementDetailsViewController.m */; };
		3AD6D0CF164E780600AFECEC /* SVHTTPWQClient.m in Sources */ = {isa = PBXBuildFile; fileRef = 3AD6D0CE164E780600AFECEC /* SVHTTPWQClient.m */; };
		3AD6D0E0164E820500AFECEC /* WQMeasurementsAbstractViewController.m in Sources */ = {isa = PBXBuildFile; fileRef = 3AD6D0DF164E820400AFECEC /* WQMeasurementsAbstractViewController.m */; };
		3AD6D0E3164E8E9E00AFECEC /* WQWebServiceManager.m in Sources */ = {isa = PBXBuildFile; fileRef = 3AD6D0E2164E8E9E00AFECEC /* WQWebServiceManager.m */; };
		3AD6D11A164EC7C700AFECEC /* Background.png in Resources */ = {isa = PBXBuildFile; fileRef = 3AD6D118164EC7C700AFECEC /* Background.png */; };
		3AD6D11B164EC7C700AFECEC /* Background@2x.png in Resources */ = {isa = PBXBuildFile; fileRef = 3AD6D119164EC7C700AFECEC /* Background@2x.png */; };
		3AD6D11F164EC95F00AFECEC /* WQFuelLikeIndicatorView.m in Sources */ = {isa = PBXBuildFile; fileRef = 3AD6D11E164EC95E00AFECEC /* WQFuelLikeIndicatorView.m */; };
		3AD6D122164ED2C000AFECEC /* CodeIcon_5.png in Resources */ = {isa = PBXBuildFile; fileRef = 3AD6D121164ED2C000AFECEC /* CodeIcon_5.png */; };
		3AF72765164FA01D00B2692B /* SVHTTPClient.m in Sources */ = {isa = PBXBuildFile; fileRef = 3AF72762164FA01D00B2692B /* SVHTTPClient.m */; };
		3AF72766164FA01D00B2692B /* SVHTTPRequest.m in Sources */ = {isa = PBXBuildFile; fileRef = 3AF72764164FA01D00B2692B /* SVHTTPRequest.m */; };
/* End PBXBuildFile section */

/* Begin PBXContainerItemProxy section */
		3AD6D091164E5CD100AFECEC /* PBXContainerItemProxy */ = {
			isa = PBXContainerItemProxy;
			containerPortal = 3AD6D04E164E5CD000AFECEC /* Project object */;
			proxyType = 1;
			remoteGlobalIDString = 3AD6D056164E5CD000AFECEC;
			remoteInfo = WaterQuality;
		};
/* End PBXContainerItemProxy section */

/* Begin PBXFileReference section */
		159E2D82164E79660087CA15 /* MapKit.framework */ = {isa = PBXFileReference; lastKnownFileType = wrapper.framework; name = MapKit.framework; path = System/Library/Frameworks/MapKit.framework; sourceTree = SDKROOT; };
		159E2D94164EB0530087CA15 /* CoreLocation.framework */ = {isa = PBXFileReference; lastKnownFileType = wrapper.framework; name = CoreLocation.framework; path = System/Library/Frameworks/CoreLocation.framework; sourceTree = SDKROOT; };
		159E2DA0164EB5CC0087CA15 /* icon.PNG */ = {isa = PBXFileReference; lastKnownFileType = image.png; name = icon.PNG; path = ../icon.PNG; sourceTree = "<group>"; };
		159E2DA2164EB6090087CA15 /* icon@2x.PNG */ = {isa = PBXFileReference; lastKnownFileType = image.png; name = "icon@2x.PNG"; path = "../icon@2x.PNG"; sourceTree = "<group>"; };
		15D824B1164FB4B1000B6DE4 /* WQAnotation.h */ = {isa = PBXFileReference; fileEncoding = 4; lastKnownFileType = sourcecode.c.h; path = WQAnotation.h; sourceTree = "<group>"; };
		15D824B2164FB4B1000B6DE4 /* WQAnotation.m */ = {isa = PBXFileReference; fileEncoding = 4; lastKnownFileType = sourcecode.c.objc; path = WQAnotation.m; sourceTree = "<group>"; };
		3A664B63164FA93F00A9BD39 /* Icon.png */ = {isa = PBXFileReference; lastKnownFileType = image.png; path = Icon.png; sourceTree = "<group>"; };
		3A664B66164FA94900A9BD39 /* Icon@2x.png */ = {isa = PBXFileReference; lastKnownFileType = image.png; path = "Icon@2x.png"; sourceTree = "<group>"; };
		3A664B68164FA95900A9BD39 /* ItunesArtwork.png */ = {isa = PBXFileReference; lastKnownFileType = image.png; path = ItunesArtwork.png; sourceTree = "<group>"; };
		3A664B6A164FAA0800A9BD39 /* Default.png */ = {isa = PBXFileReference; lastKnownFileType = image.png; path = Default.png; sourceTree = "<group>"; };
		3A664B6C164FAA0E00A9BD39 /* Default@2x.png */ = {isa = PBXFileReference; lastKnownFileType = image.png; path = "Default@2x.png"; sourceTree = "<group>"; };
		3A664B6E164FAFF800A9BD39 /* CodeIcon_0.png */ = {isa = PBXFileReference; lastKnownFileType = image.png; path = CodeIcon_0.png; sourceTree = "<group>"; };
		3A664B6F164FAFF800A9BD39 /* CodeIcon_1.png */ = {isa = PBXFileReference; lastKnownFileType = image.png; path = CodeIcon_1.png; sourceTree = "<group>"; };
		3A664B70164FAFF800A9BD39 /* CodeIcon_2.png */ = {isa = PBXFileReference; lastKnownFileType = image.png; path = CodeIcon_2.png; sourceTree = "<group>"; };
		3A664B71164FAFF800A9BD39 /* CodeIcon_3.png */ = {isa = PBXFileReference; lastKnownFileType = image.png; path = CodeIcon_3.png; sourceTree = "<group>"; };
		3A664B72164FAFF800A9BD39 /* CodeIcon_4.png */ = {isa = PBXFileReference; lastKnownFileType = image.png; path = CodeIcon_4.png; sourceTree = "<group>"; };
		3A664B73164FAFF800A9BD39 /* CodeIcon_6.png */ = {isa = PBXFileReference; lastKnownFileType = image.png; path = CodeIcon_6.png; sourceTree = "<group>"; };
		3A664B74164FAFF800A9BD39 /* CodeIcon_7.png */ = {isa = PBXFileReference; lastKnownFileType = image.png; path = CodeIcon_7.png; sourceTree = "<group>"; };
		3A664B7D164FB19500A9BD39 /* CodeIcon_0_map.png */ = {isa = PBXFileReference; lastKnownFileType = image.png; name = CodeIcon_0_map.png; path = Map/CodeIcon_0_map.png; sourceTree = "<group>"; };
		3A664B7E164FB19500A9BD39 /* CodeIcon_1_map.png */ = {isa = PBXFileReference; lastKnownFileType = image.png; name = CodeIcon_1_map.png; path = Map/CodeIcon_1_map.png; sourceTree = "<group>"; };
		3A664B7F164FB19500A9BD39 /* CodeIcon_2_map.png */ = {isa = PBXFileReference; lastKnownFileType = image.png; name = CodeIcon_2_map.png; path = Map/CodeIcon_2_map.png; sourceTree = "<group>"; };
		3A664B80164FB19500A9BD39 /* CodeIcon_3_map.png */ = {isa = PBXFileReference; lastKnownFileType = image.png; name = CodeIcon_3_map.png; path = Map/CodeIcon_3_map.png; sourceTree = "<group>"; };
		3A664B81164FB19500A9BD39 /* CodeIcon_4_map.png */ = {isa = PBXFileReference; lastKnownFileType = image.png; name = CodeIcon_4_map.png; path = Map/CodeIcon_4_map.png; sourceTree = "<group>"; };
		3A664B82164FB19500A9BD39 /* CodeIcon_5_map.png */ = {isa = PBXFileReference; lastKnownFileType = image.png; name = CodeIcon_5_map.png; path = Map/CodeIcon_5_map.png; sourceTree = "<group>"; };
		3A664B83164FB19500A9BD39 /* CodeIcon_6_map.png */ = {isa = PBXFileReference; lastKnownFileType = image.png; name = CodeIcon_6_map.png; path = Map/CodeIcon_6_map.png; sourceTree = "<group>"; };
		3A664B84164FB19500A9BD39 /* CodeIcon_7_map.png */ = {isa = PBXFileReference; lastKnownFileType = image.png; name = CodeIcon_7_map.png; path = Map/CodeIcon_7_map.png; sourceTree = "<group>"; };
		3AD6D057164E5CD000AFECEC /* WaterQuality.app */ = {isa = PBXFileReference; explicitFileType = wrapper.application; includeInIndex = 0; path = WaterQuality.app; sourceTree = BUILT_PRODUCTS_DIR; };
		3AD6D05B164E5CD000AFECEC /* UIKit.framework */ = {isa = PBXFileReference; lastKnownFileType = wrapper.framework; name = UIKit.framework; path = System/Library/Frameworks/UIKit.framework; sourceTree = SDKROOT; };
		3AD6D05D164E5CD000AFECEC /* Foundation.framework */ = {isa = PBXFileReference; lastKnownFileType = wrapper.framework; name = Foundation.framework; path = System/Library/Frameworks/Foundation.framework; sourceTree = SDKROOT; };
		3AD6D05F164E5CD000AFECEC /* CoreGraphics.framework */ = {isa = PBXFileReference; lastKnownFileType = wrapper.framework; name = CoreGraphics.framework; path = System/Library/Frameworks/CoreGraphics.framework; sourceTree = SDKROOT; };
		3AD6D063164E5CD000AFECEC /* WaterQuality-Info.plist */ = {isa = PBXFileReference; lastKnownFileType = text.plist.xml; path = "WaterQuality-Info.plist"; sourceTree = "<group>"; };
		3AD6D065164E5CD000AFECEC /* en */ = {isa = PBXFileReference; lastKnownFileType = text.plist.strings; name = en; path = en.lproj/InfoPlist.strings; sourceTree = "<group>"; };
		3AD6D067164E5CD000AFECEC /* main.m */ = {isa = PBXFileReference; lastKnownFileType = sourcecode.c.objc; path = main.m; sourceTree = "<group>"; };
		3AD6D069164E5CD000AFECEC /* WaterQuality-Prefix.pch */ = {isa = PBXFileReference; lastKnownFileType = sourcecode.c.h; path = "WaterQuality-Prefix.pch"; sourceTree = "<group>"; };
		3AD6D06A164E5CD000AFECEC /* WQAppDelegate.h */ = {isa = PBXFileReference; lastKnownFileType = sourcecode.c.h; path = WQAppDelegate.h; sourceTree = "<group>"; };
		3AD6D06B164E5CD000AFECEC /* WQAppDelegate.m */ = {isa = PBXFileReference; lastKnownFileType = sourcecode.c.objc; path = WQAppDelegate.m; sourceTree = "<group>"; };
		3AD6D06D164E5CD000AFECEC /* Default.png */ = {isa = PBXFileReference; lastKnownFileType = image.png; path = Default.png; sourceTree = "<group>"; };
		3AD6D06F164E5CD000AFECEC /* Default@2x.png */ = {isa = PBXFileReference; lastKnownFileType = image.png; path = "Default@2x.png"; sourceTree = "<group>"; };
		3AD6D071164E5CD000AFECEC /* Default-568h@2x.png */ = {isa = PBXFileReference; lastKnownFileType = image.png; path = "Default-568h@2x.png"; sourceTree = "<group>"; };
		3AD6D074164E5CD000AFECEC /* en */ = {isa = PBXFileReference; lastKnownFileType = file.storyboard; name = en; path = en.lproj/MainStoryboard_iPhone.storyboard; sourceTree = "<group>"; };
		3AD6D077164E5CD000AFECEC /* en */ = {isa = PBXFileReference; lastKnownFileType = file.storyboard; name = en; path = en.lproj/MainStoryboard_iPad.storyboard; sourceTree = "<group>"; };
		3AD6D08C164E5CD100AFECEC /* WaterQualityTests.octest */ = {isa = PBXFileReference; explicitFileType = wrapper.cfbundle; includeInIndex = 0; path = WaterQualityTests.octest; sourceTree = BUILT_PRODUCTS_DIR; };
		3AD6D08D164E5CD100AFECEC /* SenTestingKit.framework */ = {isa = PBXFileReference; lastKnownFileType = wrapper.framework; name = SenTestingKit.framework; path = Library/Frameworks/SenTestingKit.framework; sourceTree = DEVELOPER_DIR; };
		3AD6D095164E5CD100AFECEC /* WaterQualityTests-Info.plist */ = {isa = PBXFileReference; lastKnownFileType = text.plist.xml; path = "WaterQualityTests-Info.plist"; sourceTree = "<group>"; };
		3AD6D097164E5CD100AFECEC /* en */ = {isa = PBXFileReference; lastKnownFileType = text.plist.strings; name = en; path = en.lproj/InfoPlist.strings; sourceTree = "<group>"; };
		3AD6D099164E5CD100AFECEC /* WaterQualityTests.h */ = {isa = PBXFileReference; lastKnownFileType = sourcecode.c.h; path = WaterQualityTests.h; sourceTree = "<group>"; };
		3AD6D09A164E5CD100AFECEC /* WaterQualityTests.m */ = {isa = PBXFileReference; lastKnownFileType = sourcecode.c.objc; path = WaterQualityTests.m; sourceTree = "<group>"; };
		3AD6D0BB164E723200AFECEC /* WQMeasurementsFilterViewController.h */ = {isa = PBXFileReference; fileEncoding = 4; lastKnownFileType = sourcecode.c.h; path = WQMeasurementsFilterViewController.h; sourceTree = "<group>"; };
		3AD6D0BC164E723200AFECEC /* WQMeasurementsFilterViewController.m */ = {isa = PBXFileReference; fileEncoding = 4; lastKnownFileType = sourcecode.c.objc; path = WQMeasurementsFilterViewController.m; sourceTree = "<group>"; };
		3AD6D0BF164E728300AFECEC /* WQMeasurementsListViewController.h */ = {isa = PBXFileReference; fileEncoding = 4; lastKnownFileType = sourcecode.c.h; path = WQMeasurementsListViewController.h; sourceTree = "<group>"; };
		3AD6D0C0164E728300AFECEC /* WQMeasurementsListViewController.m */ = {isa = PBXFileReference; fileEncoding = 4; lastKnownFileType = sourcecode.c.objc; path = WQMeasurementsListViewController.m; sourceTree = "<group>"; };
		3AD6D0C2164E72A200AFECEC /* WQMeasurementsMapViewController.h */ = {isa = PBXFileReference; fileEncoding = 4; lastKnownFileType = sourcecode.c.h; path = WQMeasurementsMapViewController.h; sourceTree = "<group>"; };
		3AD6D0C3164E72A200AFECEC /* WQMeasurementsMapViewController.m */ = {isa = PBXFileReference; fileEncoding = 4; lastKnownFileType = sourcecode.c.objc; path = WQMeasurementsMapViewController.m; sourceTree = "<group>"; };
		3AD6D0C7164E739500AFECEC /* WQMeasurementMainViewController.h */ = {isa = PBXFileReference; fileEncoding = 4; lastKnownFileType = sourcecode.c.h; path = WQMeasurementMainViewController.h; sourceTree = "<group>"; };
		3AD6D0C8164E739500AFECEC /* WQMeasurementMainViewController.m */ = {isa = PBXFileReference; fileEncoding = 4; lastKnownFileType = sourcecode.c.objc; path = WQMeasurementMainViewController.m; sourceTree = "<group>"; };
		3AD6D0CA164E73AC00AFECEC /* WQMeasurementDetailsViewController.h */ = {isa = PBXFileReference; fileEncoding = 4; lastKnownFileType = sourcecode.c.h; path = WQMeasurementDetailsViewController.h; sourceTree = "<group>"; };
		3AD6D0CB164E73AC00AFECEC /* WQMeasurementDetailsViewController.m */ = {isa = PBXFileReference; fileEncoding = 4; lastKnownFileType = sourcecode.c.objc; path = WQMeasurementDetailsViewController.m; sourceTree = "<group>"; };
		3AD6D0CD164E780600AFECEC /* SVHTTPWQClient.h */ = {isa = PBXFileReference; fileEncoding = 4; lastKnownFileType = sourcecode.c.h; name = SVHTTPWQClient.h; path = WaterQuality/SVHTTPWQClient.h; sourceTree = SOURCE_ROOT; };
		3AD6D0CE164E780600AFECEC /* SVHTTPWQClient.m */ = {isa = PBXFileReference; fileEncoding = 4; lastKnownFileType = sourcecode.c.objc; name = SVHTTPWQClient.m; path = WaterQuality/SVHTTPWQClient.m; sourceTree = SOURCE_ROOT; };
		3AD6D0DC164E7B6B00AFECEC /* WQConstants.h */ = {isa = PBXFileReference; fileEncoding = 4; lastKnownFileType = sourcecode.c.h; path = WQConstants.h; sourceTree = "<group>"; };
		3AD6D0DE164E820400AFECEC /* WQMeasurementsAbstractViewController.h */ = {isa = PBXFileReference; fileEncoding = 4; lastKnownFileType = sourcecode.c.h; path = WQMeasurementsAbstractViewController.h; sourceTree = "<group>"; };
		3AD6D0DF164E820400AFECEC /* WQMeasurementsAbstractViewController.m */ = {isa = PBXFileReference; fileEncoding = 4; lastKnownFileType = sourcecode.c.objc; path = WQMeasurementsAbstractViewController.m; sourceTree = "<group>"; };
		3AD6D0E1164E8E9E00AFECEC /* WQWebServiceManager.h */ = {isa = PBXFileReference; fileEncoding = 4; lastKnownFileType = sourcecode.c.h; path = WQWebServiceManager.h; sourceTree = "<group>"; };
		3AD6D0E2164E8E9E00AFECEC /* WQWebServiceManager.m */ = {isa = PBXFileReference; fileEncoding = 4; lastKnownFileType = sourcecode.c.objc; path = WQWebServiceManager.m; sourceTree = "<group>"; };
		3AD6D118164EC7C700AFECEC /* Background.png */ = {isa = PBXFileReference; lastKnownFileType = image.png; path = Background.png; sourceTree = "<group>"; };
		3AD6D119164EC7C700AFECEC /* Background@2x.png */ = {isa = PBXFileReference; lastKnownFileType = image.png; path = "Background@2x.png"; sourceTree = "<group>"; };
		3AD6D11D164EC95E00AFECEC /* WQFuelLikeIndicatorView.h */ = {isa = PBXFileReference; fileEncoding = 4; lastKnownFileType = sourcecode.c.h; path = WQFuelLikeIndicatorView.h; sourceTree = "<group>"; };
		3AD6D11E164EC95E00AFECEC /* WQFuelLikeIndicatorView.m */ = {isa = PBXFileReference; fileEncoding = 4; lastKnownFileType = sourcecode.c.objc; path = WQFuelLikeIndicatorView.m; sourceTree = "<group>"; };
		3AD6D121164ED2C000AFECEC /* CodeIcon_5.png */ = {isa = PBXFileReference; lastKnownFileType = image.png; path = CodeIcon_5.png; sourceTree = "<group>"; };
		3AF72761164FA01D00B2692B /* SVHTTPClient.h */ = {isa = PBXFileReference; fileEncoding = 4; lastKnownFileType = sourcecode.c.h; path = SVHTTPClient.h; sourceTree = "<group>"; };
		3AF72762164FA01D00B2692B /* SVHTTPClient.m */ = {isa = PBXFileReference; fileEncoding = 4; lastKnownFileType = sourcecode.c.objc; path = SVHTTPClient.m; sourceTree = "<group>"; };
		3AF72763164FA01D00B2692B /* SVHTTPRequest.h */ = {isa = PBXFileReference; fileEncoding = 4; lastKnownFileType = sourcecode.c.h; path = SVHTTPRequest.h; sourceTree = "<group>"; };
		3AF72764164FA01D00B2692B /* SVHTTPRequest.m */ = {isa = PBXFileReference; fileEncoding = 4; lastKnownFileType = sourcecode.c.objc; path = SVHTTPRequest.m; sourceTree = "<group>"; };
/* End PBXFileReference section */

/* Begin PBXFrameworksBuildPhase section */
		3AD6D054164E5CD000AFECEC /* Frameworks */ = {
			isa = PBXFrameworksBuildPhase;
			buildActionMask = 2147483647;
			files = (
				159E2D95164EB0530087CA15 /* CoreLocation.framework in Frameworks */,
				159E2D83164E79660087CA15 /* MapKit.framework in Frameworks */,
				3AD6D05C164E5CD000AFECEC /* UIKit.framework in Frameworks */,
				3AD6D05E164E5CD000AFECEC /* Foundation.framework in Frameworks */,
				3AD6D060164E5CD000AFECEC /* CoreGraphics.framework in Frameworks */,
			);
			runOnlyForDeploymentPostprocessing = 0;
		};
		3AD6D088164E5CD100AFECEC /* Frameworks */ = {
			isa = PBXFrameworksBuildPhase;
			buildActionMask = 2147483647;
			files = (
				3AD6D08E164E5CD100AFECEC /* SenTestingKit.framework in Frameworks */,
				3AD6D08F164E5CD100AFECEC /* UIKit.framework in Frameworks */,
				3AD6D090164E5CD100AFECEC /* Foundation.framework in Frameworks */,
			);
			runOnlyForDeploymentPostprocessing = 0;
		};
/* End PBXFrameworksBuildPhase section */

/* Begin PBXGroup section */
		159E2D72164E6C260087CA15 /* Controllers */ = {
			isa = PBXGroup;
			children = (
				3AD6D0C6164E72C500AFECEC /* Closest Measurement */,
				3AD6D0C5164E72AB00AFECEC /* Measurements */,
			);
			path = Controllers;
			sourceTree = "<group>";
		};
		159E2D73164E6C260087CA15 /* Model */ = {
			isa = PBXGroup;
			children = (
				3AD6D0E1164E8E9E00AFECEC /* WQWebServiceManager.h */,
				3AD6D0E2164E8E9E00AFECEC /* WQWebServiceManager.m */,
			);
			path = Model;
			sourceTree = "<group>";
		};
		159E2D97164EB4600087CA15 /* Resources */ = {
			isa = PBXGroup;
			children = (
			);
			path = Resources;
			sourceTree = "<group>";
		};
		15D824B0164FB4B1000B6DE4 /* Views */ = {
			isa = PBXGroup;
			children = (
				15D824B1164FB4B1000B6DE4 /* WQAnotation.h */,
				15D824B2164FB4B1000B6DE4 /* WQAnotation.m */,
			);
			path = Views;
			sourceTree = "<group>";
		};
		3A664B7C164FB18E00A9BD39 /* For Map */ = {
			isa = PBXGroup;
			children = (
				3A664B7D164FB19500A9BD39 /* CodeIcon_0_map.png */,
				3A664B7E164FB19500A9BD39 /* CodeIcon_1_map.png */,
				3A664B7F164FB19500A9BD39 /* CodeIcon_2_map.png */,
				3A664B80164FB19500A9BD39 /* CodeIcon_3_map.png */,
				3A664B81164FB19500A9BD39 /* CodeIcon_4_map.png */,
				3A664B82164FB19500A9BD39 /* CodeIcon_5_map.png */,
				3A664B83164FB19500A9BD39 /* CodeIcon_6_map.png */,
				3A664B84164FB19500A9BD39 /* CodeIcon_7_map.png */,
			);
			name = "For Map";
			sourceTree = "<group>";
		};
		3AD6D04C164E5CD000AFECEC = {
			isa = PBXGroup;
			children = (
				3A664B6C164FAA0E00A9BD39 /* Default@2x.png */,
				3A664B6A164FAA0800A9BD39 /* Default.png */,
				3A664B68164FA95900A9BD39 /* ItunesArtwork.png */,
				3A664B66164FA94900A9BD39 /* Icon@2x.png */,
				3A664B63164FA93F00A9BD39 /* Icon.png */,
				3AD6D061164E5CD000AFECEC /* WaterQuality */,
				3AD6D093164E5CD100AFECEC /* WaterQualityTests */,
				3AD6D05A164E5CD000AFECEC /* Frameworks */,
				3AD6D058164E5CD000AFECEC /* Products */,
			);
			sourceTree = "<group>";
		};
		3AD6D058164E5CD000AFECEC /* Products */ = {
			isa = PBXGroup;
			children = (
				3AD6D057164E5CD000AFECEC /* WaterQuality.app */,
				3AD6D08C164E5CD100AFECEC /* WaterQualityTests.octest */,
			);
			name = Products;
			sourceTree = "<group>";
		};
		3AD6D05A164E5CD000AFECEC /* Frameworks */ = {
			isa = PBXGroup;
			children = (
				3AD6D0A8164E671A00AFECEC /* Third Parties */,
				159E2D94164EB0530087CA15 /* CoreLocation.framework */,
				159E2D82164E79660087CA15 /* MapKit.framework */,
				3AD6D05B164E5CD000AFECEC /* UIKit.framework */,
				3AD6D05D164E5CD000AFECEC /* Foundation.framework */,
				3AD6D05F164E5CD000AFECEC /* CoreGraphics.framework */,
				3AD6D08D164E5CD100AFECEC /* SenTestingKit.framework */,
			);
			name = Frameworks;
			sourceTree = "<group>";
		};
		3AD6D061164E5CD000AFECEC /* WaterQuality */ = {
			isa = PBXGroup;
			children = (
				15D824B0164FB4B1000B6DE4 /* Views */,
				159E2D97164EB4600087CA15 /* Resources */,
				159E2D72164E6C260087CA15 /* Controllers */,
				159E2D73164E6C260087CA15 /* Model */,
				3AD6D06A164E5CD000AFECEC /* WQAppDelegate.h */,
				3AD6D06B164E5CD000AFECEC /* WQAppDelegate.m */,
				3AD6D073164E5CD000AFECEC /* MainStoryboard_iPhone.storyboard */,
				3AD6D076164E5CD000AFECEC /* MainStoryboard_iPad.storyboard */,
				3AD6D062164E5CD000AFECEC /* Supporting Files */,
				3AD6D0DC164E7B6B00AFECEC /* WQConstants.h */,
			);
			path = WaterQuality;
			sourceTree = "<group>";
		};
		3AD6D062164E5CD000AFECEC /* Supporting Files */ = {
			isa = PBXGroup;
			children = (
				3AD6D117164EC7C700AFECEC /* Images */,
				159E2DA0164EB5CC0087CA15 /* icon.PNG */,
				159E2DA2164EB6090087CA15 /* icon@2x.PNG */,
				3AD6D063164E5CD000AFECEC /* WaterQuality-Info.plist */,
				3AD6D064164E5CD000AFECEC /* InfoPlist.strings */,
				3AD6D067164E5CD000AFECEC /* main.m */,
				3AD6D069164E5CD000AFECEC /* WaterQuality-Prefix.pch */,
				3AD6D06D164E5CD000AFECEC /* Default.png */,
				3AD6D06F164E5CD000AFECEC /* Default@2x.png */,
				3AD6D071164E5CD000AFECEC /* Default-568h@2x.png */,
			);
			name = "Supporting Files";
			sourceTree = "<group>";
		};
		3AD6D093164E5CD100AFECEC /* WaterQualityTests */ = {
			isa = PBXGroup;
			children = (
				3AD6D099164E5CD100AFECEC /* WaterQualityTests.h */,
				3AD6D09A164E5CD100AFECEC /* WaterQualityTests.m */,
				3AD6D094164E5CD100AFECEC /* Supporting Files */,
			);
			path = WaterQualityTests;
			sourceTree = "<group>";
		};
		3AD6D094164E5CD100AFECEC /* Supporting Files */ = {
			isa = PBXGroup;
			children = (
				3AD6D095164E5CD100AFECEC /* WaterQualityTests-Info.plist */,
				3AD6D096164E5CD100AFECEC /* InfoPlist.strings */,
			);
			name = "Supporting Files";
			sourceTree = "<group>";
		};
		3AD6D0A8164E671A00AFECEC /* Third Parties */ = {
			isa = PBXGroup;
			children = (
				3AF72760164FA00100B2692B /* SVHTTPRequest */,
				3AD6D0AA164E6ACB00AFECEC /* SVHTTPRequest */,
			);
			name = "Third Parties";
			sourceTree = "<group>";
		};
		3AD6D0AA164E6ACB00AFECEC /* SVHTTPRequest */ = {
			isa = PBXGroup;
			children = (
				3AD6D0CD164E780600AFECEC /* SVHTTPWQClient.h */,
				3AD6D0CE164E780600AFECEC /* SVHTTPWQClient.m */,
			);
			name = SVHTTPRequest;
			path = ../Submodules/SVHTTP/SVHTTPRequest;
			sourceTree = "<group>";
		};
		3AD6D0C5164E72AB00AFECEC /* Measurements */ = {
			isa = PBXGroup;
			children = (
				3AD6D0BB164E723200AFECEC /* WQMeasurementsFilterViewController.h */,
				3AD6D0BC164E723200AFECEC /* WQMeasurementsFilterViewController.m */,
				3AD6D0BF164E728300AFECEC /* WQMeasurementsListViewController.h */,
				3AD6D0C0164E728300AFECEC /* WQMeasurementsListViewController.m */,
				3AD6D0C2164E72A200AFECEC /* WQMeasurementsMapViewController.h */,
				3AD6D0C3164E72A200AFECEC /* WQMeasurementsMapViewController.m */,
				3AD6D0DE164E820400AFECEC /* WQMeasurementsAbstractViewController.h */,
				3AD6D0DF164E820400AFECEC /* WQMeasurementsAbstractViewController.m */,
			);
			name = Measurements;
			sourceTree = "<group>";
		};
		3AD6D0C6164E72C500AFECEC /* Closest Measurement */ = {
			isa = PBXGroup;
			children = (
				3AD6D0C7164E739500AFECEC /* WQMeasurementMainViewController.h */,
				3AD6D0C8164E739500AFECEC /* WQMeasurementMainViewController.m */,
				3AD6D0CA164E73AC00AFECEC /* WQMeasurementDetailsViewController.h */,
				3AD6D0CB164E73AC00AFECEC /* WQMeasurementDetailsViewController.m */,
				3AD6D11D164EC95E00AFECEC /* WQFuelLikeIndicatorView.h */,
				3AD6D11E164EC95E00AFECEC /* WQFuelLikeIndicatorView.m */,
			);
			name = "Closest Measurement";
			sourceTree = "<group>";
		};
		3AD6D117164EC7C700AFECEC /* Images */ = {
			isa = PBXGroup;
			children = (
				3AD6D120164ED2C000AFECEC /* Codes */,
				3AD6D118164EC7C700AFECEC /* Background.png */,
				3AD6D119164EC7C700AFECEC /* Background@2x.png */,
			);
			path = Images;
			sourceTree = "<group>";
		};
		3AD6D120164ED2C000AFECEC /* Codes */ = {
			isa = PBXGroup;
			children = (
				3A664B7C164FB18E00A9BD39 /* For Map */,
				3AD6D121164ED2C000AFECEC /* CodeIcon_5.png */,
				3A664B6E164FAFF800A9BD39 /* CodeIcon_0.png */,
				3A664B6F164FAFF800A9BD39 /* CodeIcon_1.png */,
				3A664B70164FAFF800A9BD39 /* CodeIcon_2.png */,
				3A664B71164FAFF800A9BD39 /* CodeIcon_3.png */,
				3A664B72164FAFF800A9BD39 /* CodeIcon_4.png */,
				3A664B73164FAFF800A9BD39 /* CodeIcon_6.png */,
				3A664B74164FAFF800A9BD39 /* CodeIcon_7.png */,
			);
			path = Codes;
			sourceTree = "<group>";
		};
		3AF72760164FA00100B2692B /* SVHTTPRequest */ = {
			isa = PBXGroup;
			children = (
				3AF72761164FA01D00B2692B /* SVHTTPClient.h */,
				3AF72762164FA01D00B2692B /* SVHTTPClient.m */,
				3AF72763164FA01D00B2692B /* SVHTTPRequest.h */,
				3AF72764164FA01D00B2692B /* SVHTTPRequest.m */,
			);
			name = SVHTTPRequest;
			sourceTree = "<group>";
		};
/* End PBXGroup section */

/* Begin PBXNativeTarget section */
		3AD6D056164E5CD000AFECEC /* WaterQuality */ = {
			isa = PBXNativeTarget;
			buildConfigurationList = 3AD6D09E164E5CD100AFECEC /* Build configuration list for PBXNativeTarget "WaterQuality" */;
			buildPhases = (
				3AD6D053164E5CD000AFECEC /* Sources */,
				3AD6D054164E5CD000AFECEC /* Frameworks */,
				3AD6D055164E5CD000AFECEC /* Resources */,
			);
			buildRules = (
			);
			dependencies = (
			);
			name = WaterQuality;
			productName = WaterQuality;
			productReference = 3AD6D057164E5CD000AFECEC /* WaterQuality.app */;
			productType = "com.apple.product-type.application";
		};
		3AD6D08B164E5CD100AFECEC /* WaterQualityTests */ = {
			isa = PBXNativeTarget;
			buildConfigurationList = 3AD6D0A1164E5CD100AFECEC /* Build configuration list for PBXNativeTarget "WaterQualityTests" */;
			buildPhases = (
				3AD6D087164E5CD100AFECEC /* Sources */,
				3AD6D088164E5CD100AFECEC /* Frameworks */,
				3AD6D089164E5CD100AFECEC /* Resources */,
				3AD6D08A164E5CD100AFECEC /* ShellScript */,
			);
			buildRules = (
			);
			dependencies = (
				3AD6D092164E5CD100AFECEC /* PBXTargetDependency */,
			);
			name = WaterQualityTests;
			productName = WaterQualityTests;
			productReference = 3AD6D08C164E5CD100AFECEC /* WaterQualityTests.octest */;
			productType = "com.apple.product-type.bundle";
		};
/* End PBXNativeTarget section */

/* Begin PBXProject section */
		3AD6D04E164E5CD000AFECEC /* Project object */ = {
			isa = PBXProject;
			attributes = {
				CLASSPREFIX = WQ;
				LastUpgradeCheck = 0450;
				ORGANIZATIONNAME = HackWAW;
			};
			buildConfigurationList = 3AD6D051164E5CD000AFECEC /* Build configuration list for PBXProject "WaterQuality" */;
			compatibilityVersion = "Xcode 3.2";
			developmentRegion = English;
			hasScannedForEncodings = 0;
			knownRegions = (
				en,
			);
			mainGroup = 3AD6D04C164E5CD000AFECEC;
			productRefGroup = 3AD6D058164E5CD000AFECEC /* Products */;
			projectDirPath = "";
			projectRoot = "";
			targets = (
				3AD6D056164E5CD000AFECEC /* WaterQuality */,
				3AD6D08B164E5CD100AFECEC /* WaterQualityTests */,
			);
		};
/* End PBXProject section */

/* Begin PBXResourcesBuildPhase section */
		3AD6D055164E5CD000AFECEC /* Resources */ = {
			isa = PBXResourcesBuildPhase;
			buildActionMask = 2147483647;
			files = (
				3AD6D066164E5CD000AFECEC /* InfoPlist.strings in Resources */,
				3AD6D06E164E5CD000AFECEC /* Default.png in Resources */,
				3AD6D070164E5CD000AFECEC /* Default@2x.png in Resources */,
				3AD6D072164E5CD000AFECEC /* Default-568h@2x.png in Resources */,
				3AD6D075164E5CD000AFECEC /* MainStoryboard_iPhone.storyboard in Resources */,
				3AD6D078164E5CD000AFECEC /* MainStoryboard_iPad.storyboard in Resources */,
				159E2DA1164EB5CC0087CA15 /* icon.PNG in Resources */,
				159E2DA3164EB6090087CA15 /* icon@2x.PNG in Resources */,
				3AD6D11A164EC7C700AFECEC /* Background.png in Resources */,
				3AD6D11B164EC7C700AFECEC /* Background@2x.png in Resources */,
				3AD6D122164ED2C000AFECEC /* CodeIcon_5.png in Resources */,
				3A664B64164FA93F00A9BD39 /* Icon.png in Resources */,
				3A664B67164FA94900A9BD39 /* Icon@2x.png in Resources */,
				3A664B69164FA95900A9BD39 /* ItunesArtwork.png in Resources */,
				3A664B6B164FAA0800A9BD39 /* Default.png in Resources */,
				3A664B6D164FAA0E00A9BD39 /* Default@2x.png in Resources */,
				3A664B75164FAFF800A9BD39 /* CodeIcon_0.png in Resources */,
				3A664B76164FAFF800A9BD39 /* CodeIcon_1.png in Resources */,
				3A664B77164FAFF800A9BD39 /* CodeIcon_2.png in Resources */,
				3A664B78164FAFF800A9BD39 /* CodeIcon_3.png in Resources */,
				3A664B79164FAFF800A9BD39 /* CodeIcon_4.png in Resources */,
				3A664B7A164FAFF800A9BD39 /* CodeIcon_6.png in Resources */,
				3A664B7B164FAFF800A9BD39 /* CodeIcon_7.png in Resources */,
				3A664B85164FB19500A9BD39 /* CodeIcon_0_map.png in Resources */,
				3A664B86164FB19500A9BD39 /* CodeIcon_1_map.png in Resources */,
				3A664B87164FB19500A9BD39 /* CodeIcon_2_map.png in Resources */,
				3A664B88164FB19500A9BD39 /* CodeIcon_3_map.png in Resources */,
				3A664B89164FB19500A9BD39 /* CodeIcon_4_map.png in Resources */,
				3A664B8A164FB19500A9BD39 /* CodeIcon_5_map.png in Resources */,
				3A664B8B164FB19500A9BD39 /* CodeIcon_6_map.png in Resources */,
				3A664B8C164FB19500A9BD39 /* CodeIcon_7_map.png in Resources */,
			);
			runOnlyForDeploymentPostprocessing = 0;
		};
		3AD6D089164E5CD100AFECEC /* Resources */ = {
			isa = PBXResourcesBuildPhase;
			buildActionMask = 2147483647;
			files = (
				3AD6D098164E5CD100AFECEC /* InfoPlist.strings in Resources */,
			);
			runOnlyForDeploymentPostprocessing = 0;
		};
/* End PBXResourcesBuildPhase section */

/* Begin PBXShellScriptBuildPhase section */
		3AD6D08A164E5CD100AFECEC /* ShellScript */ = {
			isa = PBXShellScriptBuildPhase;
			buildActionMask = 2147483647;
			files = (
			);
			inputPaths = (
			);
			outputPaths = (
			);
			runOnlyForDeploymentPostprocessing = 0;
			shellPath = /bin/sh;
			shellScript = "# Run the unit tests in this test bundle.\n\"${SYSTEM_DEVELOPER_DIR}/Tools/RunUnitTests\"\n";
		};
/* End PBXShellScriptBuildPhase section */

/* Begin PBXSourcesBuildPhase section */
		3AD6D053164E5CD000AFECEC /* Sources */ = {
			isa = PBXSourcesBuildPhase;
			buildActionMask = 2147483647;
			files = (
				3AD6D068164E5CD000AFECEC /* main.m in Sources */,
				3AD6D06C164E5CD000AFECEC /* WQAppDelegate.m in Sources */,
				3AD6D0BD164E723200AFECEC /* WQMeasurementsFilterViewController.m in Sources */,
				3AD6D0C1164E728300AFECEC /* WQMeasurementsListViewController.m in Sources */,
				3AD6D0C4164E72A200AFECEC /* WQMeasurementsMapViewController.m in Sources */,
				3AD6D0C9164E739500AFECEC /* WQMeasurementMainViewController.m in Sources */,
				3AD6D0CC164E73AC00AFECEC /* WQMeasurementDetailsViewController.m in Sources */,
				3AD6D0CF164E780600AFECEC /* SVHTTPWQClient.m in Sources */,
				3AD6D0E0164E820500AFECEC /* WQMeasurementsAbstractViewController.m in Sources */,
				3AD6D0E3164E8E9E00AFECEC /* WQWebServiceManager.m in Sources */,
				3AD6D11F164EC95F00AFECEC /* WQFuelLikeIndicatorView.m in Sources */,
				3AF72765164FA01D00B2692B /* SVHTTPClient.m in Sources */,
				3AF72766164FA01D00B2692B /* SVHTTPRequest.m in Sources */,
				15D824B3164FB4B1000B6DE4 /* WQAnotation.m in Sources */,
			);
			runOnlyForDeploymentPostprocessing = 0;
		};
		3AD6D087164E5CD100AFECEC /* Sources */ = {
			isa = PBXSourcesBuildPhase;
			buildActionMask = 2147483647;
			files = (
				3AD6D09B164E5CD100AFECEC /* WaterQualityTests.m in Sources */,
			);
			runOnlyForDeploymentPostprocessing = 0;
		};
/* End PBXSourcesBuildPhase section */

/* Begin PBXTargetDependency section */
		3AD6D092164E5CD100AFECEC /* PBXTargetDependency */ = {
			isa = PBXTargetDependency;
			target = 3AD6D056164E5CD000AFECEC /* WaterQuality */;
			targetProxy = 3AD6D091164E5CD100AFECEC /* PBXContainerItemProxy */;
		};
/* End PBXTargetDependency section */

/* Begin PBXVariantGroup section */
		3AD6D064164E5CD000AFECEC /* InfoPlist.strings */ = {
			isa = PBXVariantGroup;
			children = (
				3AD6D065164E5CD000AFECEC /* en */,
			);
			name = InfoPlist.strings;
			sourceTree = "<group>";
		};
		3AD6D073164E5CD000AFECEC /* MainStoryboard_iPhone.storyboard */ = {
			isa = PBXVariantGroup;
			children = (
				3AD6D074164E5CD000AFECEC /* en */,
			);
			name = MainStoryboard_iPhone.storyboard;
			sourceTree = "<group>";
		};
		3AD6D076164E5CD000AFECEC /* MainStoryboard_iPad.storyboard */ = {
			isa = PBXVariantGroup;
			children = (
				3AD6D077164E5CD000AFECEC /* en */,
			);
			name = MainStoryboard_iPad.storyboard;
			sourceTree = "<group>";
		};
		3AD6D096164E5CD100AFECEC /* InfoPlist.strings */ = {
			isa = PBXVariantGroup;
			children = (
				3AD6D097164E5CD100AFECEC /* en */,
			);
			name = InfoPlist.strings;
			sourceTree = "<group>";
		};
/* End PBXVariantGroup section */

/* Begin XCBuildConfiguration section */
		3AD6D09C164E5CD100AFECEC /* Debug */ = {
			isa = XCBuildConfiguration;
			buildSettings = {
				ALWAYS_SEARCH_USER_PATHS = NO;
				CLANG_CXX_LANGUAGE_STANDARD = "gnu++0x";
				CLANG_CXX_LIBRARY = "libc++";
				CLANG_WARN_EMPTY_BODY = YES;
				CLANG_WARN__DUPLICATE_METHOD_MATCH = YES;
				"CODE_SIGN_IDENTITY[sdk=iphoneos*]" = "iPhone Developer";
				COPY_PHASE_STRIP = NO;
				GCC_C_LANGUAGE_STANDARD = gnu99;
				GCC_DYNAMIC_NO_PIC = NO;
				GCC_OPTIMIZATION_LEVEL = 0;
				GCC_PREPROCESSOR_DEFINITIONS = (
					"DEBUG=1",
					"$(inherited)",
				);
				GCC_SYMBOLS_PRIVATE_EXTERN = NO;
				GCC_WARN_ABOUT_RETURN_TYPE = YES;
				GCC_WARN_UNINITIALIZED_AUTOS = YES;
				GCC_WARN_UNUSED_VARIABLE = YES;
				IPHONEOS_DEPLOYMENT_TARGET = 6.0;
				ONLY_ACTIVE_ARCH = YES;
				SDKROOT = iphoneos;
				TARGETED_DEVICE_FAMILY = "1,2";
			};
			name = Debug;
		};
		3AD6D09D164E5CD100AFECEC /* Release */ = {
			isa = XCBuildConfiguration;
			buildSettings = {
				ALWAYS_SEARCH_USER_PATHS = NO;
				CLANG_CXX_LANGUAGE_STANDARD = "gnu++0x";
				CLANG_CXX_LIBRARY = "libc++";
				CLANG_WARN_EMPTY_BODY = YES;
				CLANG_WARN__DUPLICATE_METHOD_MATCH = YES;
				"CODE_SIGN_IDENTITY[sdk=iphoneos*]" = "iPhone Developer";
				COPY_PHASE_STRIP = YES;
				GCC_C_LANGUAGE_STANDARD = gnu99;
				GCC_WARN_ABOUT_RETURN_TYPE = YES;
				GCC_WARN_UNINITIALIZED_AUTOS = YES;
				GCC_WARN_UNUSED_VARIABLE = YES;
				IPHONEOS_DEPLOYMENT_TARGET = 6.0;
				OTHER_CFLAGS = "-DNS_BLOCK_ASSERTIONS=1";
				SDKROOT = iphoneos;
				TARGETED_DEVICE_FAMILY = "1,2";
				VALIDATE_PRODUCT = YES;
			};
			name = Release;
		};
		3AD6D09F164E5CD100AFECEC /* Debug */ = {
			isa = XCBuildConfiguration;
			buildSettings = {
				GCC_PRECOMPILE_PREFIX_HEADER = YES;
				GCC_PREFIX_HEADER = "WaterQuality/WaterQuality-Prefix.pch";
				INFOPLIST_FILE = "WaterQuality/WaterQuality-Info.plist";
				IPHONEOS_DEPLOYMENT_TARGET = 5.1;
				PRODUCT_NAME = "$(TARGET_NAME)";
				WRAPPER_EXTENSION = app;
			};
			name = Debug;
		};
		3AD6D0A0164E5CD100AFECEC /* Release */ = {
			isa = XCBuildConfiguration;
			buildSettings = {
				GCC_PRECOMPILE_PREFIX_HEADER = YES;
				GCC_PREFIX_HEADER = "WaterQuality/WaterQuality-Prefix.pch";
				INFOPLIST_FILE = "WaterQuality/WaterQuality-Info.plist";
				IPHONEOS_DEPLOYMENT_TARGET = 5.1;
				PRODUCT_NAME = "$(TARGET_NAME)";
				WRAPPER_EXTENSION = app;
			};
			name = Release;
		};
		3AD6D0A2164E5CD100AFECEC /* Debug */ = {
			isa = XCBuildConfiguration;
			buildSettings = {
				BUNDLE_LOADER = "$(BUILT_PRODUCTS_DIR)/WaterQuality.app/WaterQuality";
				FRAMEWORK_SEARCH_PATHS = (
					"\"$(SDKROOT)/Developer/Library/Frameworks\"",
					"\"$(DEVELOPER_LIBRARY_DIR)/Frameworks\"",
				);
				GCC_PRECOMPILE_PREFIX_HEADER = YES;
				GCC_PREFIX_HEADER = "WaterQuality/WaterQuality-Prefix.pch";
				INFOPLIST_FILE = "WaterQualityTests/WaterQualityTests-Info.plist";
				PRODUCT_NAME = "$(TARGET_NAME)";
				TEST_HOST = "$(BUNDLE_LOADER)";
				WRAPPER_EXTENSION = octest;
			};
			name = Debug;
		};
		3AD6D0A3164E5CD100AFECEC /* Release */ = {
			isa = XCBuildConfiguration;
			buildSettings = {
				BUNDLE_LOADER = "$(BUILT_PRODUCTS_DIR)/WaterQuality.app/WaterQuality";
				FRAMEWORK_SEARCH_PATHS = (
					"\"$(SDKROOT)/Developer/Library/Frameworks\"",
					"\"$(DEVELOPER_LIBRARY_DIR)/Frameworks\"",
				);
				GCC_PRECOMPILE_PREFIX_HEADER = YES;
				GCC_PREFIX_HEADER = "WaterQuality/WaterQuality-Prefix.pch";
				INFOPLIST_FILE = "WaterQualityTests/WaterQualityTests-Info.plist";
				PRODUCT_NAME = "$(TARGET_NAME)";
				TEST_HOST = "$(BUNDLE_LOADER)";
				WRAPPER_EXTENSION = octest;
			};
			name = Release;
		};
/* End XCBuildConfiguration section */

/* Begin XCConfigurationList section */
		3AD6D051164E5CD000AFECEC /* Build configuration list for PBXProject "WaterQuality" */ = {
			isa = XCConfigurationList;
			buildConfigurations = (
				3AD6D09C164E5CD100AFECEC /* Debug */,
				3AD6D09D164E5CD100AFECEC /* Release */,
			);
			defaultConfigurationIsVisible = 0;
			defaultConfigurationName = Release;
		};
		3AD6D09E164E5CD100AFECEC /* Build configuration list for PBXNativeTarget "WaterQuality" */ = {
			isa = XCConfigurationList;
			buildConfigurations = (
				3AD6D09F164E5CD100AFECEC /* Debug */,
				3AD6D0A0164E5CD100AFECEC /* Release */,
			);
			defaultConfigurationIsVisible = 0;
			defaultConfigurationName = Release;
		};
		3AD6D0A1164E5CD100AFECEC /* Build configuration list for PBXNativeTarget "WaterQualityTests" */ = {
			isa = XCConfigurationList;
			buildConfigurations = (
				3AD6D0A2164E5CD100AFECEC /* Debug */,
				3AD6D0A3164E5CD100AFECEC /* Release */,
			);
			defaultConfigurationIsVisible = 0;
			defaultConfigurationName = Release;
		};
/* End XCConfigurationList section */
	};
	rootObject = 3AD6D04E164E5CD000AFECEC /* Project object */;
}
